
Microsoft Visual Studio Solution File, Format Version 12.00
# Visual Studio Version 17
VisualStudioVersion = 17.0.31912.275
MinimumVisualStudioVersion = 10.0.40219.1
Project("{FAE04EC0-301F-11D3-BF4B-00C04F79EFBC}") = "WebApp", "WebApp\WebApp.csproj", "{2910CE98-9C27-4B0A-946F-C68B08D84B69}"
EndProject
Project("{FAE04EC0-301F-11D3-BF4B-00C04F79EFBC}") = "UnitTests", "UnitTests\UnitTests.csproj", "{4B027F8F-5DFE-4118-872F-565F9EF61A0F}"
EndProject
Global
	GlobalSection(SolutionConfigurationPlatforms) = preSolution
		Debug|Any CPU = Debug|Any CPU
		Release|Any CPU = Release|Any CPU
	EndGlobalSection
	GlobalSection(ProjectConfigurationPlatforms) = postSolution
		{2910CE98-9C27-4B0A-946F-C68B08D84B69}.Debug|Any CPU.ActiveCfg = Debug|Any CPU
		{2910CE98-9C27-4B0A-946F-C68B08D84B69}.Debug|Any CPU.Build.0 = Debug|Any CPU
		{2910CE98-9C27-4B0A-946F-C68B08D84B69}.Release|Any CPU.ActiveCfg = Release|Any CPU
		{2910CE98-9C27-4B0A-946F-C68B08D84B69}.Release|Any CPU.Build.0 = Release|Any CPU
		{4B027F8F-5DFE-4118-872F-565F9EF61A0F}.Debug|Any CPU.ActiveCfg = Debug|Any CPU
		{4B027F8F-5DFE-4118-872F-565F9EF61A0F}.Debug|Any CPU.Build.0 = Debug|Any CPU
		{4B027F8F-5DFE-4118-872F-565F9EF61A0F}.Release|Any CPU.ActiveCfg = Release|Any CPU
		{4B027F8F-5DFE-4118-872F-565F9EF61A0F}.Release|Any CPU.Build.0 = Release|Any CPU
	EndGlobalSection
	GlobalSection(SolutionProperties) = preSolution
		HideSolutionNode = FALSE
	EndGlobalSection
	GlobalSection(ExtensibilityGlobals) = postSolution
		SolutionGuid = {E58A24F8-604A-483B-B250-548818A8C126}
	EndGlobalSection
EndGlobal
