
Microsoft Visual Studio Solution File, Format Version 12.00
# Visual Studio Version 17
VisualStudioVersion = 17.0.31912.275
MinimumVisualStudioVersion = 10.0.40219.1
Project("{9A19103F-16F7-4668-BE54-9A1E7A4F7556}") = "TicTacToeBL", "TicTacToeBL\TicTacToeBL.csproj", "{D722A0C3-1CD7-47ED-BEAF-9428BC2F3AC5}"
EndProject
Project("{9A19103F-16F7-4668-BE54-9A1E7A4F7556}") = "WebApi", "WebApi\WebApi.csproj", "{4033DA58-FFC6-4D29-A367-EDBD5E442F69}"
EndProject
Project("{9A19103F-16F7-4668-BE54-9A1E7A4F7556}") = "BlazorServerApp", "BlazorServerApp\BlazorServerApp.csproj", "{CCFDDB0C-6D7A-48EA-B098-3CA209031878}"
EndProject
Project("{9A19103F-16F7-4668-BE54-9A1E7A4F7556}") = "TicTacToe.Distribution", "TicTacToe.Distribution\TicTacToe.Distribution.csproj", "{DA2FFA93-46F8-43C1-8CF6-B9958FFB9D91}"
EndProject
Project("{9A19103F-16F7-4668-BE54-9A1E7A4F7556}") = "NUnitTest", "NUnitTest\NUnitTest.csproj", "{83F446FE-25D8-40F9-88FD-40FDC77CF557}"
EndProject
Project("{9A19103F-16F7-4668-BE54-9A1E7A4F7556}") = "TicTacToeML", "TicTacToeML\TicTacToeML.csproj", "{D6C8A225-6E1A-4F60-8A36-C064A909DB9A}"
EndProject
Project("{2150E333-8FDC-42A3-9474-1A3956D46DE8}") = "Solution Items", "Solution Items", "{803BD205-6C88-417A-A67E-EEA4775D16BC}"
	ProjectSection(SolutionItems) = preProject
		TriggerGitHubActionsWorkflow.txt = TriggerGitHubActionsWorkflow.txt
	EndProjectSection
EndProject
Global
	GlobalSection(SolutionConfigurationPlatforms) = preSolution
		Debug|Any CPU = Debug|Any CPU
		Release|Any CPU = Release|Any CPU
	EndGlobalSection
	GlobalSection(ProjectConfigurationPlatforms) = postSolution
		{D722A0C3-1CD7-47ED-BEAF-9428BC2F3AC5}.Debug|Any CPU.ActiveCfg = Debug|Any CPU
		{D722A0C3-1CD7-47ED-BEAF-9428BC2F3AC5}.Debug|Any CPU.Build.0 = Debug|Any CPU
		{D722A0C3-1CD7-47ED-BEAF-9428BC2F3AC5}.Release|Any CPU.ActiveCfg = Release|Any CPU
		{D722A0C3-1CD7-47ED-BEAF-9428BC2F3AC5}.Release|Any CPU.Build.0 = Release|Any CPU
		{4033DA58-FFC6-4D29-A367-EDBD5E442F69}.Debug|Any CPU.ActiveCfg = Debug|Any CPU
		{4033DA58-FFC6-4D29-A367-EDBD5E442F69}.Debug|Any CPU.Build.0 = Debug|Any CPU
		{4033DA58-FFC6-4D29-A367-EDBD5E442F69}.Release|Any CPU.ActiveCfg = Release|Any CPU
		{4033DA58-FFC6-4D29-A367-EDBD5E442F69}.Release|Any CPU.Build.0 = Release|Any CPU
		{CCFDDB0C-6D7A-48EA-B098-3CA209031878}.Debug|Any CPU.ActiveCfg = Debug|Any CPU
		{CCFDDB0C-6D7A-48EA-B098-3CA209031878}.Debug|Any CPU.Build.0 = Debug|Any CPU
		{CCFDDB0C-6D7A-48EA-B098-3CA209031878}.Release|Any CPU.ActiveCfg = Release|Any CPU
		{CCFDDB0C-6D7A-48EA-B098-3CA209031878}.Release|Any CPU.Build.0 = Release|Any CPU
		{DA2FFA93-46F8-43C1-8CF6-B9958FFB9D91}.Debug|Any CPU.ActiveCfg = Debug|Any CPU
		{DA2FFA93-46F8-43C1-8CF6-B9958FFB9D91}.Debug|Any CPU.Build.0 = Debug|Any CPU
		{DA2FFA93-46F8-43C1-8CF6-B9958FFB9D91}.Release|Any CPU.ActiveCfg = Release|Any CPU
		{DA2FFA93-46F8-43C1-8CF6-B9958FFB9D91}.Release|Any CPU.Build.0 = Release|Any CPU
		{83F446FE-25D8-40F9-88FD-40FDC77CF557}.Debug|Any CPU.ActiveCfg = Debug|Any CPU
		{83F446FE-25D8-40F9-88FD-40FDC77CF557}.Debug|Any CPU.Build.0 = Debug|Any CPU
		{83F446FE-25D8-40F9-88FD-40FDC77CF557}.Release|Any CPU.ActiveCfg = Release|Any CPU
		{83F446FE-25D8-40F9-88FD-40FDC77CF557}.Release|Any CPU.Build.0 = Release|Any CPU
		{D6C8A225-6E1A-4F60-8A36-C064A909DB9A}.Debug|Any CPU.ActiveCfg = Debug|Any CPU
		{D6C8A225-6E1A-4F60-8A36-C064A909DB9A}.Debug|Any CPU.Build.0 = Debug|Any CPU
		{D6C8A225-6E1A-4F60-8A36-C064A909DB9A}.Release|Any CPU.ActiveCfg = Release|Any CPU
		{D6C8A225-6E1A-4F60-8A36-C064A909DB9A}.Release|Any CPU.Build.0 = Release|Any CPU
	EndGlobalSection
	GlobalSection(SolutionProperties) = preSolution
		HideSolutionNode = FALSE
	EndGlobalSection
	GlobalSection(ExtensibilityGlobals) = postSolution
		SolutionGuid = {E58A24F8-604A-483B-B250-548818A8C126}
	EndGlobalSection
EndGlobal
